
Microsoft Visual Studio Solution File, Format Version 12.00
# Visual Studio Version 16
VisualStudioVersion = 16.0.30907.101
MinimumVisualStudioVersion = 10.0.40219.1
Project("{FAE04EC0-301F-11D3-BF4B-00C04F79EFBC}") = "Web", "Web\Web.csproj", "{3A2F44A5-775C-464E-BE93-D108BB2C31FC}"
EndProject
Project("{FAE04EC0-301F-11D3-BF4B-00C04F79EFBC}") = "Data", "Data\Data.csproj", "{C91F6394-76DF-4399-AC05-5BC8F6D896EB}"
EndProject
Project("{FAE04EC0-301F-11D3-BF4B-00C04F79EFBC}") = "Services", "Services\Services.csproj", "{4E4EF25F-83C8-4C6F-B3C6-6DEE2C2578FA}"
EndProject
Global
	GlobalSection(SolutionConfigurationPlatforms) = preSolution
		Debug|Any CPU = Debug|Any CPU
		Release|Any CPU = Release|Any CPU
	EndGlobalSection
	GlobalSection(ProjectConfigurationPlatforms) = postSolution
		{3A2F44A5-775C-464E-BE93-D108BB2C31FC}.Debug|Any CPU.ActiveCfg = Debug|Any CPU
		{3A2F44A5-775C-464E-BE93-D108BB2C31FC}.Debug|Any CPU.Build.0 = Debug|Any CPU
		{3A2F44A5-775C-464E-BE93-D108BB2C31FC}.Release|Any CPU.ActiveCfg = Release|Any CPU
		{3A2F44A5-775C-464E-BE93-D108BB2C31FC}.Release|Any CPU.Build.0 = Release|Any CPU
		{C91F6394-76DF-4399-AC05-5BC8F6D896EB}.Debug|Any CPU.ActiveCfg = Debug|Any CPU
		{C91F6394-76DF-4399-AC05-5BC8F6D896EB}.Debug|Any CPU.Build.0 = Debug|Any CPU
		{C91F6394-76DF-4399-AC05-5BC8F6D896EB}.Release|Any CPU.ActiveCfg = Release|Any CPU
		{C91F6394-76DF-4399-AC05-5BC8F6D896EB}.Release|Any CPU.Build.0 = Release|Any CPU
		{4E4EF25F-83C8-4C6F-B3C6-6DEE2C2578FA}.Debug|Any CPU.ActiveCfg = Debug|Any CPU
		{4E4EF25F-83C8-4C6F-B3C6-6DEE2C2578FA}.Debug|Any CPU.Build.0 = Debug|Any CPU
		{4E4EF25F-83C8-4C6F-B3C6-6DEE2C2578FA}.Release|Any CPU.ActiveCfg = Release|Any CPU
		{4E4EF25F-83C8-4C6F-B3C6-6DEE2C2578FA}.Release|Any CPU.Build.0 = Release|Any CPU
	EndGlobalSection
	GlobalSection(SolutionProperties) = preSolution
		HideSolutionNode = FALSE
	EndGlobalSection
	GlobalSection(ExtensibilityGlobals) = postSolution
		SolutionGuid = {4BC7D310-A658-4316-B040-BA7DBA908592}
	EndGlobalSection
EndGlobal
